# THIS IS AN AUTOGENERATED FILE. DO NOT EDIT THIS FILE DIRECTLY.
# yarn lockfile v1


"@types/d3-array@*":
  version "2.9.0"
  resolved "https://registry.yarnpkg.com/@types/d3-array/-/d3-array-2.9.0.tgz#fb6c3d7d7640259e68771cd90cc5db5ac1a1a012"
  integrity sha512-sdBMGfNvLUkBypPMEhOcKcblTQfgHbqbYrUqRE31jOwdDHBJBxz4co2MDAq93S4Cp++phk4UiwoEg/1hK3xXAQ==

"@types/d3-axis@*":
  version "2.0.0"
  resolved "https://registry.yarnpkg.com/@types/d3-axis/-/d3-axis-2.0.0.tgz#a3e7534d3c399c20ba42ec3093dd2a385659366e"
  integrity sha512-gUdlEwGBLl3tXGiBnBNmNzph9W3bCfa4tBgWZD60Z1eDQKTY4zyCAcZ3LksignGfKawYatmDYcBdjJ5h/54sqA==
  dependencies:
    "@types/d3-selection" "*"

"@types/d3-brush@*":
  version "2.1.0"
  resolved "https://registry.yarnpkg.com/@types/d3-brush/-/d3-brush-2.1.0.tgz#c51ad1ab93887b23be7637d2100540f1df0dac00"
  integrity sha512-rLQqxQeXWF4ArXi81GlV8HBNwJw9EDpz0jcWvvzv548EDE4tXrayBTOHYi/8Q4FZ/Df8PGXFzxpAVQmJMjOtvQ==
  dependencies:
    "@types/d3-selection" "*"

"@types/d3-chord@*":
  version "2.0.1"
  resolved "https://registry.yarnpkg.com/@types/d3-chord/-/d3-chord-2.0.1.tgz#45c72b28c9686eb4b02c8a1bb0fe174723053890"
  integrity sha512-mqGww8qDtGZRnDsFizzobAVizd85hgaYNEri095ZI7/aYtW7hxa9a20enwuoVTWm0YqdCtLPoyV9ZPYgfyaTZw==

"@types/d3-color@*":
  version "2.0.1"
  resolved "https://registry.yarnpkg.com/@types/d3-color/-/d3-color-2.0.1.tgz#570ea7f8b853461301804efa52bd790a640a26db"
  integrity sha512-u7LTCL7RnaavFSmob2rIAJLNwu50i6gFwY9cHFr80BrQURYQBRkJ+Yv47nA3Fm7FeRhdWTiVTeqvSeOuMAOzBQ==

"@types/d3-contour@*":
  version "2.0.0"
  resolved "https://registry.yarnpkg.com/@types/d3-contour/-/d3-contour-2.0.0.tgz#6e079f281b29a8df3fcbd3ec193f2cf1d0b4a584"
  integrity sha512-PS9UO6zBQqwHXsocbpdzZFONgK1oRUgWtjjh/iz2vM06KaXLInLiKZ9e3OLBRerc1cU2uJYpO+8zOnb6frvCGQ==
  dependencies:
    "@types/d3-array" "*"
    "@types/geojson" "*"

"@types/d3-delaunay@*":
  version "5.3.0"
  resolved "https://registry.yarnpkg.com/@types/d3-delaunay/-/d3-delaunay-5.3.0.tgz#416169bb5c67a510c87b55d092a404fcab49def3"
  integrity sha512-gJYcGxLu0xDZPccbUe32OUpeaNtd1Lz0NYJtko6ZLMyG2euF4pBzrsQXms67LHZCDFzzszw+dMhSL/QAML3bXw==

"@types/d3-dispatch@*":
  version "2.0.0"
  resolved "https://registry.yarnpkg.com/@types/d3-dispatch/-/d3-dispatch-2.0.0.tgz#1f8803041b73b81f2c751e026b7bb63dd5f24ce0"
  integrity sha512-Sh0KW6z/d7uxssD7K4s4uCSzlEG/+SP+U47q098NVdOfFvUKNTvKAIV4XqjxsUuhE/854ARAREHOxkr9gQOCyg==

"@types/d3-drag@*":
  version "2.0.0"
  resolved "https://registry.yarnpkg.com/@types/d3-drag/-/d3-drag-2.0.0.tgz#ef66acc422576fbe10b8bd66af45a9fb8525199a"
  integrity sha512-VaUJPjbMnDn02tcRqsHLRAX5VjcRIzCjBfeXTLGe6QjMn5JccB5Cz4ztMRXMJfkbC45ovgJFWuj6DHvWMX1thA==
  dependencies:
    "@types/d3-selection" "*"

"@types/d3-dsv@*":
  version "2.0.1"
  resolved "https://registry.yarnpkg.com/@types/d3-dsv/-/d3-dsv-2.0.1.tgz#44ce09b025cf365d27cbe11fc13cd10954369627"
  integrity sha512-wovgiG9Mgkr/SZ/m/c0m+RwrIT4ozsuCWeLxJyoObDWsie2DeQT4wzMdHZPR9Ya5oZLQT3w3uSl0NehG0+0dCA==

"@types/d3-ease@*":
  version "2.0.0"
  resolved "https://registry.yarnpkg.com/@types/d3-ease/-/d3-ease-2.0.0.tgz#798cbd9908d26cfe9f1a295a3a75164da9a3666e"
  integrity sha512-6aZrTyX5LG+ptofVHf+gTsThLRY1nhLotJjgY4drYqk1OkJMu2UvuoZRlPw2fffjRHeYepue3/fxTufqKKmvsA==

"@types/d3-fetch@*":
  version "2.0.0"
  resolved "https://registry.yarnpkg.com/@types/d3-fetch/-/d3-fetch-2.0.0.tgz#580846256ed0011b36a08ebb36924e0dff70e27e"
  integrity sha512-WnLepGtxepFfXRdPI8I5FTgNiHn9p4vMTTqaNCzJJfAswXx0rOY2jjeolzEU063em3iJmGZ+U79InnEeFOrCRw==
  dependencies:
    "@types/d3-dsv" "*"

"@types/d3-force@*":
  version "2.1.1"
  resolved "https://registry.yarnpkg.com/@types/d3-force/-/d3-force-2.1.1.tgz#a18b6f029d056eb0f8f84a09471e6228e4469b14"
  integrity sha512-3r+CQv2K/uDTAVg0DGxsbBjV02vgOxb8RhPIv3gd6cp3pdPAZ7wEXpDjUZSoqycAQLSDOxG/AZ54Vx6YXZSbmQ==

"@types/d3-format@*":
  version "2.0.0"
  resolved "https://registry.yarnpkg.com/@types/d3-format/-/d3-format-2.0.0.tgz#607d261cb268f0a027f100575491031539a40ee6"
  integrity sha512-uagdkftxnGkO4pZw5jEYOM5ZnZOEsh7z8j11Qxk85UkB2RzfUUxRl7R9VvvJZHwKn8l+x+rpS77Nusq7FkFmIg==

"@types/d3-geo@*":
  version "2.0.0"
  resolved "https://registry.yarnpkg.com/@types/d3-geo/-/d3-geo-2.0.0.tgz#6f179512343c2d30e06acde190abfacf44b2d264"
  integrity sha512-DHHgYXW36lnAEQMYU2udKVOxxljHrn2EdOINeSC9jWCAXwOnGn7A19B8sNsHqgpu4F7O2bSD7//cqBXD3W0Deg==
  dependencies:
    "@types/geojson" "*"

"@types/d3-hierarchy@*":
  version "2.0.0"
  resolved "https://registry.yarnpkg.com/@types/d3-hierarchy/-/d3-hierarchy-2.0.0.tgz#92079d9dbcec1dfe2736fb050a8bf916e5850a1c"
  integrity sha512-YxdskUvwzqggpnSnDQj4KVkicgjpkgXn/g/9M9iGsiToLS3nG6Ytjo1FoYhYVAAElV/fJBGVL3cQ9Hb7tcv+lw==

"@types/d3-interpolate@*":
  version "2.0.0"
  resolved "https://registry.yarnpkg.com/@types/d3-interpolate/-/d3-interpolate-2.0.0.tgz#325029216dc722c1c68c33ccda759f1209d35823"
  integrity sha512-Wt1v2zTlEN8dSx8hhx6MoOhWQgTkz0Ukj7owAEIOF2QtI0e219paFX9rf/SLOr/UExWb1TcUzatU8zWwFby6gg==
  dependencies:
    "@types/d3-color" "*"

"@types/d3-path@*":
  version "2.0.0"
  resolved "https://registry.yarnpkg.com/@types/d3-path/-/d3-path-2.0.0.tgz#dcc7f5ecadf52b0c0c39f6c1def3733195e4b199"
  integrity sha512-tXcR/9OtDdeCIsyl6eTNHC3XOAOdyc6ceF3QGBXOd9jTcK+ex/ecr00p9L9362e/op3UEPpxrToi1FHrtTSj7Q==

"@types/d3-path@^1":
  version "1.0.9"
  resolved "https://registry.yarnpkg.com/@types/d3-path/-/d3-path-1.0.9.tgz#73526b150d14cd96e701597cbf346cfd1fd4a58c"
  integrity sha512-NaIeSIBiFgSC6IGUBjZWcscUJEq7vpVu7KthHN8eieTV9d9MqkSOZLH4chq1PmcKy06PNe3axLeKmRIyxJ+PZQ==

"@types/d3-polygon@*":
  version "2.0.0"
  resolved "https://registry.yarnpkg.com/@types/d3-polygon/-/d3-polygon-2.0.0.tgz#8b1df0a1358016e62c4961b01e8dc8e5ab4c64e5"
  integrity sha512-fISnMd8ePED1G4aa4V974Jmt+ajHSgPoxMa2D0ULxMybpx0Vw4WEzhQEaMIrL3hM8HVRcKTx669I+dTy/4PhAw==

"@types/d3-quadtree@*":
  version "2.0.0"
  resolved "https://registry.yarnpkg.com/@types/d3-quadtree/-/d3-quadtree-2.0.0.tgz#b17e953dc061e083966075bba0d3a9a259812150"
  integrity sha512-YZuJuGBnijD0H+98xMJD4oZXgv/umPXy5deu3IimYTPGH3Kr8Th6iQUff0/6S80oNBD7KtOuIHwHUCymUiRoeQ==

"@types/d3-random@*":
  version "2.2.0"
  resolved "https://registry.yarnpkg.com/@types/d3-random/-/d3-random-2.2.0.tgz#fc44cabb966917459490b758f31f5359adeabe5b"
  integrity sha512-Hjfj9m68NmYZzushzEG7etPvKH/nj9b9s9+qtkNG3/dbRBjQZQg1XS6nRuHJcCASTjxXlyXZnKu2gDxyQIIu9A==

"@types/d3-scale-chromatic@*":
  version "2.0.0"
  resolved "https://registry.yarnpkg.com/@types/d3-scale-chromatic/-/d3-scale-chromatic-2.0.0.tgz#8d4a6f07cbbf2a9f2a4bec9c9476c27ed76a96ea"
  integrity sha512-Y62+2clOwZoKua84Ha0xU77w7lePiaBoTjXugT4l8Rd5LAk+Mn/ZDtrgs087a+B5uJ3jYUHHtKw5nuEzp0WBHw==

"@types/d3-scale@*":
  version "3.2.2"
  resolved "https://registry.yarnpkg.com/@types/d3-scale/-/d3-scale-3.2.2.tgz#5e28d0b1c599328aaec6094219f10a2570be6d74"
  integrity sha512-qpQe8G02tzUwt9sdWX1h8A/W0Q1+N48wMnYXVOkrzeLUkCfvzJYV9Ee3aORCS4dN4ONRLFmMvaXdziQ29XGLjQ==
  dependencies:
    "@types/d3-time" "*"

"@types/d3-selection@*":
  version "2.0.0"
  resolved "https://registry.yarnpkg.com/@types/d3-selection/-/d3-selection-2.0.0.tgz#59df94a8e47ed1050a337d4ffb4d4d213aa590a8"
  integrity sha512-EF0lWZ4tg7oDFg4YQFlbOU3936e3a9UmoQ2IXlBy1+cv2c2Pv7knhKUzGlH5Hq2sF/KeDTH1amiRPey2rrLMQA==

"@types/d3-shape@*":
  version "2.0.0"
  resolved "https://registry.yarnpkg.com/@types/d3-shape/-/d3-shape-2.0.0.tgz#61aa065726f3c2641aedc59c3603475ab11aeb2f"
  integrity sha512-NLzD02m5PiD1KLEDjLN+MtqEcFYn4ZL9+Rqc9ZwARK1cpKZXd91zBETbe6wpBB6Ia0D0VZbpmbW3+BsGPGnCpA==
  dependencies:
    "@types/d3-path" "^1"

"@types/d3-time-format@*":
  version "3.0.0"
  resolved "https://registry.yarnpkg.com/@types/d3-time-format/-/d3-time-format-3.0.0.tgz#913e984362a59792dc8d8b122dd17625991eade2"
  integrity sha512-UpLg1mn/8PLyjr+J/JwdQJM/GzysMvv2CS8y+WYAL5K0+wbvXv/pPSLEfdNaprCZsGcXTxPsFMy8QtkYv9ueew==

"@types/d3-time@*":
  version "2.0.0"
  resolved "https://registry.yarnpkg.com/@types/d3-time/-/d3-time-2.0.0.tgz#831dd093db91f16b83ba980e194bb8e4bcef44d6"
  integrity sha512-Abz8bTzy8UWDeYs9pCa3D37i29EWDjNTjemdk0ei1ApYVNqulYlGUKip/jLOpogkPSsPz/GvZCYiC7MFlEk0iQ==

"@types/d3-timer@*":
  version "2.0.0"
  resolved "https://registry.yarnpkg.com/@types/d3-timer/-/d3-timer-2.0.0.tgz#9901bb02af38798764674df17d66b07329705632"
  integrity sha512-l6stHr1VD1BWlW6u3pxrjLtJfpPZq9I3XmKIQtq7zHM/s6fwEtI1Yn6Sr5/jQTrUDCC5jkS6gWqlFGCDArDqNg==

"@types/d3-transition@*":
  version "2.0.0"
  resolved "https://registry.yarnpkg.com/@types/d3-transition/-/d3-transition-2.0.0.tgz#6f073f0b567c13b7a3dcd1d54214c89f48c5a873"
  integrity sha512-UJDzI98utcZQUJt3uIit/Ho0/eBIANzrWJrTmi4+TaKIyWL2iCu7ShP0o4QajCskhyjOA7C8+4CE3b1YirTzEQ==
  dependencies:
    "@types/d3-selection" "*"

"@types/d3-zoom@*":
  version "2.0.0"
  resolved "https://registry.yarnpkg.com/@types/d3-zoom/-/d3-zoom-2.0.0.tgz#ef8b87464e8ebc7c66b70f6383d1ae841e78e7fc"
  integrity sha512-daL0PJm4yT0ISTGa7p2lHX0kvv9FO/IR1ooWbHR/7H4jpbaKiLux5FslyS/OvISPiJ5SXb4sOqYhO6fMB6hKRw==
  dependencies:
    "@types/d3-interpolate" "*"
    "@types/d3-selection" "*"

"@types/d3@^6.3.0":
  version "6.3.0"
  resolved "https://registry.yarnpkg.com/@types/d3/-/d3-6.3.0.tgz#28d1bfd4e5ef6a38535d8ef0884d452192719528"
  integrity sha512-YILdGsjNTbvkWZKsBasB4cVDwNPnni7ILMJg9keMErQHyuII2yO2jyFdUy5E+7k/HTNP/AucrPddQuu27udbeA==
  dependencies:
    "@types/d3-array" "*"
    "@types/d3-axis" "*"
    "@types/d3-brush" "*"
    "@types/d3-chord" "*"
    "@types/d3-color" "*"
    "@types/d3-contour" "*"
    "@types/d3-delaunay" "*"
    "@types/d3-dispatch" "*"
    "@types/d3-drag" "*"
    "@types/d3-dsv" "*"
    "@types/d3-ease" "*"
    "@types/d3-fetch" "*"
    "@types/d3-force" "*"
    "@types/d3-format" "*"
    "@types/d3-geo" "*"
    "@types/d3-hierarchy" "*"
    "@types/d3-interpolate" "*"
    "@types/d3-path" "*"
    "@types/d3-polygon" "*"
    "@types/d3-quadtree" "*"
    "@types/d3-random" "*"
    "@types/d3-scale" "*"
    "@types/d3-scale-chromatic" "*"
    "@types/d3-selection" "*"
    "@types/d3-shape" "*"
    "@types/d3-time" "*"
    "@types/d3-time-format" "*"
    "@types/d3-timer" "*"
    "@types/d3-transition" "*"
    "@types/d3-zoom" "*"

"@types/geojson@*":
  version "7946.0.7"
  resolved "https://registry.yarnpkg.com/@types/geojson/-/geojson-7946.0.7.tgz#c8fa532b60a0042219cdf173ca21a975ef0666ad"
  integrity sha512-wE2v81i4C4Ol09RtsWFAqg3BUitWbHSpSlIo+bNdsCJijO9sjme+zm+73ZMCa/qMC8UEERxzGbvmr1cffo2SiQ==

"@types/jquery@^3.5.5":
  version "3.5.5"
  resolved "https://registry.yarnpkg.com/@types/jquery/-/jquery-3.5.5.tgz#2c63f47c9c8d96693d272f5453602afd8338c903"
  integrity sha512-6RXU9Xzpc6vxNrS6FPPapN1SxSHgQ336WC6Jj/N8q30OiaBZ00l1GBgeP7usjVZPivSkGUfL1z/WW6TX989M+w==
  dependencies:
    "@types/sizzle" "*"

"@types/lodash@^4.14.168":
  version "4.14.168"
  resolved "https://registry.yarnpkg.com/@types/lodash/-/lodash-4.14.168.tgz#fe24632e79b7ade3f132891afff86caa5e5ce008"
  integrity sha512-oVfRvqHV/V6D1yifJbVRU3TMp8OT6o6BG+U9MkwuJ3U8/CsDHvalRpsxBqivn71ztOFZBTfJMvETbqHiaNSj7Q==

"@types/sizzle@*":
  version "2.3.3"
  resolved "https://registry.yarnpkg.com/@types/sizzle/-/sizzle-2.3.3.tgz#ff5e2f1902969d305225a047c8a0fd5c915cebef"
  integrity sha512-JYM8x9EGF163bEyhdJBpR2QX1R5naCJHC8ucJylJ3w9/CVBaskdQ8WqBf8MmQrd1kRvp/a4TS8HJ+bxzR7ZJYQ==

commander@2:
  version "2.20.3"
  resolved "https://registry.yarnpkg.com/commander/-/commander-2.20.3.tgz#fd485e84c03eb4881c20722ba48035e8531aeb33"
  integrity sha512-GpVkmM8vF2vQUkj2LvZmD35JxeJOLCwJ9cUkugyk2nuhbv3+mJvpLYYt+0+USMxE+oj+ey/lJEnhZw75x/OMcQ==

d3-array@2, d3-array@>=2.5, d3-array@^2.3.0:
  version "2.12.1"
  resolved "https://registry.yarnpkg.com/d3-array/-/d3-array-2.12.1.tgz#e20b41aafcdffdf5d50928004ececf815a465e81"
  integrity sha512-B0ErZK/66mHtEsR1TkPEEkwdy+WDesimkM5gpZr5Dsg54BiTA5RXtYW5qTLIAcekaS9xfZrzBLF/OAkB3Qn1YQ==
  dependencies:
    internmap "^1.0.0"

d3-axis@2:
  version "2.1.0"
  resolved "https://registry.yarnpkg.com/d3-axis/-/d3-axis-2.1.0.tgz#978db534092711117d032fad5d733d206307f6a0"
  integrity sha512-z/G2TQMyuf0X3qP+Mh+2PimoJD41VOCjViJzT0BHeL/+JQAofkiWZbWxlwFGb1N8EN+Cl/CW+MUKbVzr1689Cw==

d3-brush@2:
  version "2.1.0"
  resolved "https://registry.yarnpkg.com/d3-brush/-/d3-brush-2.1.0.tgz#adadfbb104e8937af142e9a6e2028326f0471065"
  integrity sha512-cHLLAFatBATyIKqZOkk/mDHUbzne2B3ZwxkzMHvFTCZCmLaXDpZRihQSn8UNXTkGD/3lb/W2sQz0etAftmHMJQ==
  dependencies:
    d3-dispatch "1 - 2"
    d3-drag "2"
    d3-interpolate "1 - 2"
    d3-selection "2"
    d3-transition "2"

d3-chord@2:
  version "2.0.0"
  resolved "https://registry.yarnpkg.com/d3-chord/-/d3-chord-2.0.0.tgz#32491b5665391180560f738e5c1ccd1e3c47ebae"
  integrity sha512-D5PZb7EDsRNdGU4SsjQyKhja8Zgu+SHZfUSO5Ls8Wsn+jsAKUUGkcshLxMg9HDFxG3KqavGWaWkJ8EpU8ojuig==
  dependencies:
    d3-path "1 - 2"

"d3-color@1 - 2", d3-color@2:
  version "2.0.0"
  resolved "https://registry.yarnpkg.com/d3-color/-/d3-color-2.0.0.tgz#8d625cab42ed9b8f601a1760a389f7ea9189d62e"
  integrity sha512-SPXi0TSKPD4g9tw0NMZFnR95XVgUZiBH+uUTqQuDu1OsE2zomHU7ho0FISciaPvosimixwHFl3WHLGabv6dDgQ==

d3-contour@2:
  version "2.0.0"
  resolved "https://registry.yarnpkg.com/d3-contour/-/d3-contour-2.0.0.tgz#80ee834988563e3bea9d99ddde72c0f8c089ea40"
  integrity sha512-9unAtvIaNk06UwqBmvsdHX7CZ+NPDZnn8TtNH1myW93pWJkhsV25JcgnYAu0Ck5Veb1DHiCv++Ic5uvJ+h50JA==
  dependencies:
    d3-array "2"

d3-delaunay@5:
  version "5.3.0"
  resolved "https://registry.yarnpkg.com/d3-delaunay/-/d3-delaunay-5.3.0.tgz#b47f05c38f854a4e7b3cea80e0bb12e57398772d"
  integrity sha512-amALSrOllWVLaHTnDLHwMIiz0d1bBu9gZXd1FiLfXf8sHcX9jrcj81TVZOqD4UX7MgBZZ07c8GxzEgBpJqc74w==
  dependencies:
    delaunator "4"

"d3-dispatch@1 - 2", d3-dispatch@2:
  version "2.0.0"
  resolved "https://registry.yarnpkg.com/d3-dispatch/-/d3-dispatch-2.0.0.tgz#8a18e16f76dd3fcaef42163c97b926aa9b55e7cf"
  integrity sha512-S/m2VsXI7gAti2pBoLClFFTMOO1HTtT0j99AuXLoGFKO6deHDdnv6ZGTxSTTUTgO1zVcv82fCOtDjYK4EECmWA==

d3-drag@2:
  version "2.0.0"
  resolved "https://registry.yarnpkg.com/d3-drag/-/d3-drag-2.0.0.tgz#9eaf046ce9ed1c25c88661911c1d5a4d8eb7ea6d"
  integrity sha512-g9y9WbMnF5uqB9qKqwIIa/921RYWzlUDv9Jl1/yONQwxbOfszAWTCm8u7HOTgJgRDXiRZN56cHT9pd24dmXs8w==
  dependencies:
    d3-dispatch "1 - 2"
    d3-selection "2"

"d3-dsv@1 - 2", d3-dsv@2:
  version "2.0.0"
  resolved "https://registry.yarnpkg.com/d3-dsv/-/d3-dsv-2.0.0.tgz#b37b194b6df42da513a120d913ad1be22b5fe7c5"
  integrity sha512-E+Pn8UJYx9mViuIUkoc93gJGGYut6mSDKy2+XaPwccwkRGlR+LO97L2VCCRjQivTwLHkSnAJG7yo00BWY6QM+w==
  dependencies:
    commander "2"
    iconv-lite "0.4"
    rw "1"

"d3-ease@1 - 2", d3-ease@2:
  version "2.0.0"
  resolved "https://registry.yarnpkg.com/d3-ease/-/d3-ease-2.0.0.tgz#fd1762bfca00dae4bacea504b1d628ff290ac563"
  integrity sha512-68/n9JWarxXkOWMshcT5IcjbB+agblQUaIsbnXmrzejn2O82n3p2A9R2zEB9HIEFWKFwPAEDDN8gR0VdSAyyAQ==

d3-fetch@2:
  version "2.0.0"
  resolved "https://registry.yarnpkg.com/d3-fetch/-/d3-fetch-2.0.0.tgz#ecd7ef2128d9847a3b41b548fec80918d645c064"
  integrity sha512-TkYv/hjXgCryBeNKiclrwqZH7Nb+GaOwo3Neg24ZVWA3MKB+Rd+BY84Nh6tmNEMcjUik1CSUWjXYndmeO6F7sw==
  dependencies:
    d3-dsv "1 - 2"

d3-force@2:
  version "2.1.1"
  resolved "https://registry.yarnpkg.com/d3-force/-/d3-force-2.1.1.tgz#f20ccbf1e6c9e80add1926f09b51f686a8bc0937"
  integrity sha512-nAuHEzBqMvpFVMf9OX75d00OxvOXdxY+xECIXjW6Gv8BRrXu6gAWbv/9XKrvfJ5i5DCokDW7RYE50LRoK092ew==
  dependencies:
    d3-dispatch "1 - 2"
    d3-quadtree "1 - 2"
    d3-timer "1 - 2"

"d3-format@1 - 2", d3-format@2:
  version "2.0.0"
  resolved "https://registry.yarnpkg.com/d3-format/-/d3-format-2.0.0.tgz#a10bcc0f986c372b729ba447382413aabf5b0767"
  integrity sha512-Ab3S6XuE/Q+flY96HXT0jOXcM4EAClYFnRGY5zsjRGNy6qCYrQsMffs7cV5Q9xejb35zxW5hf/guKw34kvIKsA==

d3-geo@2:
  version "2.0.1"
  resolved "https://registry.yarnpkg.com/d3-geo/-/d3-geo-2.0.1.tgz#2437fdfed3fe3aba2812bd8f30609cac83a7ee39"
  integrity sha512-M6yzGbFRfxzNrVhxDJXzJqSLQ90q1cCyb3EWFZ1LF4eWOBYxFypw7I/NFVBNXKNqxv1bqLathhYvdJ6DC+th3A==
  dependencies:
    d3-array ">=2.5"

d3-hierarchy@2:
  version "2.0.0"
  resolved "https://registry.yarnpkg.com/d3-hierarchy/-/d3-hierarchy-2.0.0.tgz#dab88a58ca3e7a1bc6cab390e89667fcc6d20218"
  integrity sha512-SwIdqM3HxQX2214EG9GTjgmCc/mbSx4mQBn+DuEETubhOw6/U3fmnji4uCVrmzOydMHSO1nZle5gh6HB/wdOzw==

"d3-interpolate@1 - 2", "d3-interpolate@1.2.0 - 2", d3-interpolate@2:
  version "2.0.1"
  resolved "https://registry.yarnpkg.com/d3-interpolate/-/d3-interpolate-2.0.1.tgz#98be499cfb8a3b94d4ff616900501a64abc91163"
  integrity sha512-c5UhwwTs/yybcmTpAVqwSFl6vrQ8JZJoT5F7xNFK9pymv5C0Ymcc9/LIJHtYIggg/yS9YHw8i8O8tgb9pupjeQ==
  dependencies:
    d3-color "1 - 2"

"d3-path@1 - 2", d3-path@2:
  version "2.0.0"
  resolved "https://registry.yarnpkg.com/d3-path/-/d3-path-2.0.0.tgz#55d86ac131a0548adae241eebfb56b4582dd09d8"
  integrity sha512-ZwZQxKhBnv9yHaiWd6ZU4x5BtCQ7pXszEV9CU6kRgwIQVQGLMv1oiL4M+MK/n79sYzsj+gcgpPQSctJUsLN7fA==

d3-polygon@2:
  version "2.0.0"
  resolved "https://registry.yarnpkg.com/d3-polygon/-/d3-polygon-2.0.0.tgz#13608ef042fbec625ba1598327564f03c0396d8e"
  integrity sha512-MsexrCK38cTGermELs0cO1d79DcTsQRN7IWMJKczD/2kBjzNXxLUWP33qRF6VDpiLV/4EI4r6Gs0DAWQkE8pSQ==

"d3-quadtree@1 - 2", d3-quadtree@2:
  version "2.0.0"
  resolved "https://registry.yarnpkg.com/d3-quadtree/-/d3-quadtree-2.0.0.tgz#edbad045cef88701f6fee3aee8e93fb332d30f9d"
  integrity sha512-b0Ed2t1UUalJpc3qXzKi+cPGxeXRr4KU9YSlocN74aTzp6R/Ud43t79yLLqxHRWZfsvWXmbDWPpoENK1K539xw==

d3-random@2:
  version "2.2.2"
  resolved "https://registry.yarnpkg.com/d3-random/-/d3-random-2.2.2.tgz#5eebd209ef4e45a2b362b019c1fb21c2c98cbb6e"
  integrity sha512-0D9P8TRj6qDAtHhRQn6EfdOtHMfsUWanl3yb/84C4DqpZ+VsgfI5iTVRNRbELCfNvRfpMr8OrqqUTQ6ANGCijw==

d3-scale-chromatic@2:
  version "2.0.0"
  resolved "https://registry.yarnpkg.com/d3-scale-chromatic/-/d3-scale-chromatic-2.0.0.tgz#c13f3af86685ff91323dc2f0ebd2dabbd72d8bab"
  integrity sha512-LLqy7dJSL8yDy7NRmf6xSlsFZ6zYvJ4BcWFE4zBrOPnQERv9zj24ohnXKRbyi9YHnYV+HN1oEO3iFK971/gkzA==
  dependencies:
    d3-color "1 - 2"
    d3-interpolate "1 - 2"

d3-scale@3:
  version "3.3.0"
  resolved "https://registry.yarnpkg.com/d3-scale/-/d3-scale-3.3.0.tgz#28c600b29f47e5b9cd2df9749c206727966203f3"
  integrity sha512-1JGp44NQCt5d1g+Yy+GeOnZP7xHo0ii8zsQp6PGzd+C1/dl0KGsp9A7Mxwp+1D1o4unbTTxVdU/ZOIEBoeZPbQ==
  dependencies:
    d3-array "^2.3.0"
    d3-format "1 - 2"
    d3-interpolate "1.2.0 - 2"
    d3-time "^2.1.1"
    d3-time-format "2 - 3"

d3-selection@2:
  version "2.0.0"
  resolved "https://registry.yarnpkg.com/d3-selection/-/d3-selection-2.0.0.tgz#94a11638ea2141b7565f883780dabc7ef6a61066"
  integrity sha512-XoGGqhLUN/W14NmaqcO/bb1nqjDAw5WtSYb2X8wiuQWvSZUsUVYsOSkOybUrNvcBjaywBdYPy03eXHMXjk9nZA==

d3-shape@2:
  version "2.1.0"
  resolved "https://registry.yarnpkg.com/d3-shape/-/d3-shape-2.1.0.tgz#3b6a82ccafbc45de55b57fcf956c584ded3b666f"
  integrity sha512-PnjUqfM2PpskbSLTJvAzp2Wv4CZsnAgTfcVRTwW03QR3MkXF8Uo7B1y/lWkAsmbKwuecto++4NlsYcvYpXpTHA==
  dependencies:
    d3-path "1 - 2"

"d3-time-format@2 - 3", d3-time-format@3:
  version "3.0.0"
  resolved "https://registry.yarnpkg.com/d3-time-format/-/d3-time-format-3.0.0.tgz#df8056c83659e01f20ac5da5fdeae7c08d5f1bb6"
  integrity sha512-UXJh6EKsHBTjopVqZBhFysQcoXSv/5yLONZvkQ5Kk3qbwiUYkdX17Xa1PT6U1ZWXGGfB1ey5L8dKMlFq2DO0Ag==
  dependencies:
    d3-time "1 - 2"

"d3-time@1 - 2", d3-time@2, d3-time@^2.1.1:
  version "2.1.1"
  resolved "https://registry.yarnpkg.com/d3-time/-/d3-time-2.1.1.tgz#e9d8a8a88691f4548e68ca085e5ff956724a6682"
  integrity sha512-/eIQe/eR4kCQwq7yxi7z4c6qEXf2IYGcjoWB5OOQy4Tq9Uv39/947qlDcN2TLkiTzQWzvnsuYPB9TrWaNfipKQ==
  dependencies:
    d3-array "2"

"d3-timer@1 - 2", d3-timer@2:
  version "2.0.0"
  resolved "https://registry.yarnpkg.com/d3-timer/-/d3-timer-2.0.0.tgz#055edb1d170cfe31ab2da8968deee940b56623e6"
  integrity sha512-TO4VLh0/420Y/9dO3+f9abDEFYeCUr2WZRlxJvbp4HPTQcSylXNiL6yZa9FIUvV1yRiFufl1bszTCLDqv9PWNA==

d3-transition@2:
  version "2.0.0"
  resolved "https://registry.yarnpkg.com/d3-transition/-/d3-transition-2.0.0.tgz#366ef70c22ef88d1e34105f507516991a291c94c"
  integrity sha512-42ltAGgJesfQE3u9LuuBHNbGrI/AJjNL2OAUdclE70UE6Vy239GCBEYD38uBPoLeNsOhFStGpPI0BAOV+HMxog==
  dependencies:
    d3-color "1 - 2"
    d3-dispatch "1 - 2"
    d3-ease "1 - 2"
    d3-interpolate "1 - 2"
    d3-timer "1 - 2"

d3-zoom@2:
  version "2.0.0"
  resolved "https://registry.yarnpkg.com/d3-zoom/-/d3-zoom-2.0.0.tgz#f04d0afd05518becce879d04709c47ecd93fba54"
  integrity sha512-fFg7aoaEm9/jf+qfstak0IYpnesZLiMX6GZvXtUSdv8RH2o4E2qeelgdU09eKS6wGuiGMfcnMI0nTIqWzRHGpw==
  dependencies:
    d3-dispatch "1 - 2"
    d3-drag "2"
    d3-interpolate "1 - 2"
    d3-selection "2"
    d3-transition "2"

d3@^6.7.0:
  version "6.7.0"
  resolved "https://registry.yarnpkg.com/d3/-/d3-6.7.0.tgz#adac458597b4a2cafe8e08cf30948af0c95cd61f"
  integrity sha512-hNHRhe+yCDLUG6Q2LwvR/WdNFPOJQ5VWqsJcwIYVeI401+d2/rrCjxSXkiAdIlpx7/73eApFB4Olsmh3YN7a6g==
  dependencies:
    d3-array "2"
    d3-axis "2"
    d3-brush "2"
    d3-chord "2"
    d3-color "2"
    d3-contour "2"
    d3-delaunay "5"
    d3-dispatch "2"
    d3-drag "2"
    d3-dsv "2"
    d3-ease "2"
    d3-fetch "2"
    d3-force "2"
    d3-format "2"
    d3-geo "2"
    d3-hierarchy "2"
    d3-interpolate "2"
    d3-path "2"
    d3-polygon "2"
    d3-quadtree "2"
    d3-random "2"
    d3-scale "3"
    d3-scale-chromatic "2"
    d3-selection "2"
    d3-shape "2"
    d3-time "2"
    d3-time-format "3"
    d3-timer "2"
    d3-transition "2"
    d3-zoom "2"

delaunator@4:
  version "4.0.1"
  resolved "https://registry.yarnpkg.com/delaunator/-/delaunator-4.0.1.tgz#3d779687f57919a7a418f8ab947d3bddb6846957"
  integrity sha512-WNPWi1IRKZfCt/qIDMfERkDp93+iZEmOxN2yy4Jg+Xhv8SLk2UTqqbe1sfiipn0and9QrE914/ihdx82Y/Giag==

iconv-lite@0.4:
  version "0.4.24"
  resolved "https://registry.yarnpkg.com/iconv-lite/-/iconv-lite-0.4.24.tgz#2022b4b25fbddc21d2f524974a474aafe733908b"
  integrity sha512-v3MXnZAcvnywkTUEZomIActle7RXXeedOR31wwl7VlyoXO4Qi9arvSenNQWne1TcRwhCL1HwLI21bEqdpj8/rA==
  dependencies:
    safer-buffer ">= 2.1.2 < 3"

internmap@^1.0.0:
  version "1.0.1"
  resolved "https://registry.yarnpkg.com/internmap/-/internmap-1.0.1.tgz#0017cc8a3b99605f0302f2b198d272e015e5df95"
  integrity sha512-lDB5YccMydFBtasVtxnZ3MRBHuaoE8GKsppq+EchKL2U4nK/DmEpPHNH8MZe5HkMtpSiTSOZwfN0tzYjO/lJEw==

jquery@^3.6.0:
  version "3.6.0"
  resolved "https://registry.yarnpkg.com/jquery/-/jquery-3.6.0.tgz#c72a09f15c1bdce142f49dbf1170bdf8adac2470"
  integrity sha512-JVzAR/AjBvVt2BmYhxRCSYysDsPcssdmTFnzyLEts9qNwmjmu4JTAMYubEfwVOSwpQ1I1sKKFcxhZCI2buerfw==

lodash@^4.17.21:
  version "4.17.21"
  resolved "https://registry.yarnpkg.com/lodash/-/lodash-4.17.21.tgz#679591c564c3bffaae8454cf0b3df370c3d6911c"
  integrity sha512-v2kDEe57lecTulaDIuNTPy3Ry4gLGJ6Z1O3vE1krgXZNrsQ+LFTGHVxVjcXPs17LhbZVGedAJv8XZ1tvj5FvSg==

rw@1:
  version "1.3.3"
  resolved "https://registry.yarnpkg.com/rw/-/rw-1.3.3.tgz#3f862dfa91ab766b14885ef4d01124bfda074fb4"
  integrity sha1-P4Yt+pGrdmsUiF700BEkv9oHT7Q=

"safer-buffer@>= 2.1.2 < 3":
  version "2.1.2"
  resolved "https://registry.yarnpkg.com/safer-buffer/-/safer-buffer-2.1.2.tgz#44fa161b0187b9549dd84bb91802f9bd8385cd6a"
  integrity sha512-YZo3K82SD7Riyi0E1EQPojLz7kpepnSQI9IyPbHHg1XXXevb5dJI7tpyN2ADxGcQbHG7vcyRHk0cbwqcQriUtg==

typescript@^4.2.4:
  version "4.2.4"
  resolved "https://registry.yarnpkg.com/typescript/-/typescript-4.2.4.tgz#8610b59747de028fda898a8aef0e103f156d0961"
  integrity sha512-V+evlYHZnQkaz8TRBuxTA92yZBPotr5H+WhQ7bD3hZUndx5tGOa1fuCgeSjxAzM1RiN5IzvadIXTVefuuwZCRg==
